
Microsoft Visual Studio Solution File, Format Version 12.00
# Visual Studio Version 17
VisualStudioVersion = 17.5.33424.131
MinimumVisualStudioVersion = 10.0.40219.1
Project("{FAE04EC0-301F-11D3-BF4B-00C04F79EFBC}") = "SchoolManagment", "SchoolManagment\SchoolManagment.csproj", "{005D6808-92F9-4583-951D-37A0A3B41292}"
EndProject
Global
	GlobalSection(SolutionConfigurationPlatforms) = preSolution
		Debug|Any CPU = Debug|Any CPU
		Release|Any CPU = Release|Any CPU
	EndGlobalSection
	GlobalSection(ProjectConfigurationPlatforms) = postSolution
		{005D6808-92F9-4583-951D-37A0A3B41292}.Debug|Any CPU.ActiveCfg = Debug|Any CPU
		{005D6808-92F9-4583-951D-37A0A3B41292}.Debug|Any CPU.Build.0 = Debug|Any CPU
		{005D6808-92F9-4583-951D-37A0A3B41292}.Release|Any CPU.ActiveCfg = Release|Any CPU
		{005D6808-92F9-4583-951D-37A0A3B41292}.Release|Any CPU.Build.0 = Release|Any CPU
	EndGlobalSection
	GlobalSection(SolutionProperties) = preSolution
		HideSolutionNode = FALSE
	EndGlobalSection
	GlobalSection(ExtensibilityGlobals) = postSolution
		SolutionGuid = {CC322970-6A60-4C6B-B004-30B45BC4310F}
	EndGlobalSection
EndGlobal
